{
  "name": "nova-typescript-workspace",
  "lockfileVersion": 3,
  "requires": true,
  "packages": {
    "": {
      "name": "nova-typescript-workspace",
      "workspaces": [
        "packages/contracts/typescript",
        "packages/nova_sdk_auth_core",
        "packages/nova_sdk_fetch",
        "packages/nova_sdk_file_core"
      ]
    },
    "node_modules/@nova/contracts-ts-conformance": {
      "resolved": "packages/contracts/typescript",
      "link": true
    },
    "node_modules/@nova/sdk-auth-core": {
      "resolved": "packages/nova_sdk_auth_core",
      "link": true
    },
    "node_modules/@nova/sdk-fetch": {
      "resolved": "packages/nova_sdk_fetch",
      "link": true
    },
    "node_modules/@nova/sdk-file-core": {
      "resolved": "packages/nova_sdk_file_core",
      "link": true
    },
    "node_modules/@types/node": {
      "version": "22.19.15",
      "dev": true,
      "license": "MIT",
      "dependencies": {
        "undici-types": "~6.21.0"
      }
    },
    "node_modules/undici-types": {
      "version": "6.21.0",
      "dev": true,
      "license": "MIT"
    },
    "packages/contracts/typescript": {
      "name": "@nova/contracts-ts-conformance",
      "version": "0.1.0",
      "devDependencies": {
        "@types/node": "^22.19.13",
        "typescript": "^5.9.2"
      }
    },
    "packages/contracts/typescript/node_modules/@types/node": {
      "version": "22.19.13",
      "dev": true,
      "license": "MIT",
      "dependencies": {
        "undici-types": "~6.21.0"
      }
    },
    "packages/contracts/typescript/node_modules/typescript": {
      "version": "5.9.3",
      "dev": true,
      "license": "Apache-2.0",
      "bin": {
        "tsc": "bin/tsc",
        "tsserver": "bin/tsserver"
      },
      "engines": {
        "node": ">=14.17"
      }
    },
    "packages/contracts/typescript/node_modules/undici-types": {
      "version": "6.21.0",
      "dev": true,
      "license": "MIT"
    },
    "packages/nova_sdk_auth_core": {
      "name": "@nova/sdk-auth-core",
      "version": "0.1.0",
      "dependencies": {
        "@nova/sdk-fetch": "file:../nova_sdk_fetch"
      },
      "devDependencies": {
        "@types/node": "^22.19.13",
        "typescript": "^5.9.2"
      }
    },
    "packages/nova_sdk_auth_core/node_modules/typescript": {
      "version": "5.9.3",
      "dev": true,
      "license": "Apache-2.0",
      "bin": {
        "tsc": "bin/tsc",
        "tsserver": "bin/tsserver"
      },
      "engines": {
        "node": ">=14.17"
      }
    },
    "packages/nova_sdk_fetch": {
      "name": "@nova/sdk-fetch",
      "version": "0.1.0",
      "devDependencies": {
        "@types/node": "^22.19.13",
        "typescript": "^5.9.2"
      }
    },
    "packages/nova_sdk_fetch/node_modules/typescript": {
      "version": "5.9.3",
      "dev": true,
      "license": "Apache-2.0",
      "bin": {
        "tsc": "bin/tsc",
        "tsserver": "bin/tsserver"
      },
      "engines": {
        "node": ">=14.17"
      }
    },
    "packages/nova_sdk_file_core": {
      "name": "@nova/sdk-file-core",
      "version": "0.1.0",
      "dependencies": {
        "@nova/sdk-fetch": "file:../nova_sdk_fetch"
      },
      "devDependencies": {
        "@types/node": "^22.19.13",
        "typescript": "^5.9.2"
      }
    },
    "packages/nova_sdk_file_core/node_modules/typescript": {
      "version": "5.9.3",
      "dev": true,
      "license": "Apache-2.0",
      "bin": {
        "tsc": "bin/tsc",
        "tsserver": "bin/tsserver"
      },
      "engines": {
        "node": ">=14.17"
      }
    }
  }
}
