{
  "name": "nova-typescript-workspace",
  "lockfileVersion": 3,
  "requires": true,
  "packages": {
    "": {
      "name": "nova-typescript-workspace",
      "workspaces": [
        "packages/contracts/typescript",
        "packages/nova_sdk_fetch",
        "packages/nova_sdk_file"
      ]
    },
    "node_modules/@nova/contracts-ts-conformance": {
      "resolved": "packages/contracts/typescript",
      "link": true
    },
    "node_modules/@nova/sdk-fetch": {
      "resolved": "packages/nova_sdk_fetch",
      "link": true
    },
    "node_modules/@nova/sdk-file": {
      "resolved": "packages/nova_sdk_file",
      "link": true
    },
    "node_modules/@types/node": {
      "version": "22.19.15",
      "dev": true,
      "license": "MIT",
      "dependencies": {
        "undici-types": "~6.21.0"
      }
    },
    "node_modules/typescript": {
      "version": "5.9.3",
      "resolved": "https://registry.npmjs.org/typescript/-/typescript-5.9.3.tgz",
      "integrity": "sha512-jl1vZzPDinLr9eUt3J/t7V6FgNEw9QjvBPdysz9KfQDD41fQrC2Y4vKQdiaUpFT4bXlb1RHhLpp8wtm6M5TgSw==",
      "dev": true,
      "license": "Apache-2.0",
      "bin": {
        "tsc": "bin/tsc",
        "tsserver": "bin/tsserver"
      },
      "engines": {
        "node": ">=14.17"
      }
    },
    "node_modules/undici-types": {
      "version": "6.21.0",
      "dev": true,
      "license": "MIT"
    },
    "packages/contracts/nova_sdk_fetch": {},
    "packages/contracts/nova_sdk_file": {},
    "packages/contracts/typescript": {
      "name": "@nova/contracts-ts-conformance",
      "version": "0.1.0",
      "dependencies": {
        "@nova/sdk-fetch": "file:../../nova_sdk_fetch",
        "@nova/sdk-file": "file:../../nova_sdk_file"
      },
      "devDependencies": {
        "@types/node": "^22.19.13",
        "typescript": "^5.9.2"
      }
    },
    "packages/contracts/typescript/node_modules/@nova/sdk-fetch": {
      "resolved": "packages/contracts/nova_sdk_fetch",
      "link": true
    },
    "packages/contracts/typescript/node_modules/@nova/sdk-file": {
      "resolved": "packages/contracts/nova_sdk_file",
      "link": true
    },
    "packages/contracts/typescript/node_modules/@types/node": {
      "version": "22.19.13",
      "dev": true,
      "license": "MIT",
      "dependencies": {
        "undici-types": "~6.21.0"
      }
    },
    "packages/contracts/typescript/node_modules/undici-types": {
      "version": "6.21.0",
      "dev": true,
      "license": "MIT"
    },
    "packages/nova_sdk_fetch": {
      "name": "@nova/sdk-fetch",
      "version": "0.1.0",
      "devDependencies": {
        "@types/node": "^22.19.13",
        "typescript": "^5.9.2"
      }
    },
    "packages/nova_sdk_file": {
      "name": "@nova/sdk-file",
      "version": "0.1.0",
      "dependencies": {
        "@nova/sdk-fetch": "file:../nova_sdk_fetch"
      },
      "devDependencies": {
        "@types/node": "^22.19.13",
        "typescript": "^5.9.2"
      }
    }
  }
}
